
Microsoft Visual Studio Solution File, Format Version 12.00
# Visual Studio Version 17
VisualStudioVersion = 17.6.33815.320
MinimumVisualStudioVersion = 10.0.40219.1
Project("{FAE04EC0-301F-11D3-BF4B-00C04F79EFBC}") = "ConvertBackAndForth", "ConvertBackAndForth\ConvertBackAndForth.csproj", "{49D523D8-C13E-4586-849B-A0C165156404}"
EndProject
Global
	GlobalSection(SolutionConfigurationPlatforms) = preSolution
		Debug|Any CPU = Debug|Any CPU
		Release|Any CPU = Release|Any CPU
	EndGlobalSection
	GlobalSection(ProjectConfigurationPlatforms) = postSolution
		{49D523D8-C13E-4586-849B-A0C165156404}.Debug|Any CPU.ActiveCfg = Debug|Any CPU
		{49D523D8-C13E-4586-849B-A0C165156404}.Debug|Any CPU.Build.0 = Debug|Any CPU
		{49D523D8-C13E-4586-849B-A0C165156404}.Release|Any CPU.ActiveCfg = Release|Any CPU
		{49D523D8-C13E-4586-849B-A0C165156404}.Release|Any CPU.Build.0 = Release|Any CPU
	EndGlobalSection
	GlobalSection(SolutionProperties) = preSolution
		HideSolutionNode = FALSE
	EndGlobalSection
	GlobalSection(ExtensibilityGlobals) = postSolution
		SolutionGuid = {2BACC57A-DEB7-481A-AE40-B47236A04EF5}
	EndGlobalSection
EndGlobal
